{
  "name": "iam-ecs-typescript-demo",
  "version": "3.7.3",
  "lockfileVersion": 3,
  "requires": true,
  "packages": {
    "": {
      "name": "iam-ecs-typescript-demo",
      "version": "3.7.3",
      "dependencies": {
        "iam-ecs-typescript": "^1.1.5"
      }
    },
    "node_modules/iam-ecs-typescript": {
      "version": "1.1.5",
      "resolved": "https://registry.npmjs.org/iam-ecs-typescript/-/iam-ecs-typescript-1.1.5.tgz",
      "integrity": "sha512-Jhfv4ORCFp7lcQ9wlffMSWRo0XEtOjCfQZTHZvWtGxabG2YTngXpmwhMC/SpZ53bwMhOnZIVqLgWr6/lFBMtDA=="
    }
  }
}
