{
    "name": "iam-ecs-typescript-demo",
    "version": "3.0.0",
    "lockfileVersion": 1,
    "requires": true,
    "dependencies": {
        "iam-ecs-typescript": {
            "version": "1.1.4",
            "resolved": "https://registry.npmjs.org/iam-ecs-typescript/-/iam-ecs-typescript-1.1.4.tgz",
            "integrity": "sha512-LVl6Wrj1DGCxpYWVAT6prv4YC47gE+AHzwL4Mg46cPQwVHETfSG6PeM9nrbRczDJVfaVjQXnxtRkNNgLn364Ng=="
        }
    }
}
